// !$*UTF8*$!
{
	archiveVersion = 1;
	classes = {
	};
	objectVersion = 56;
	objects = {

/* Begin PBXBuildFile section */
		8A2A6707298ACC5A008D4BC7 /* FeedData.swift in Sources */ = {isa = PBXBuildFile; fileRef = 8A2A6706298ACC5A008D4BC7 /* FeedData.swift */; };
		8A3BE68A2982DC1A007817E8 /* Data_Mocks.framework in Frameworks */ = {isa = PBXBuildFile; fileRef = 8A3BE6812982DC19007817E8 /* Data_Mocks.framework */; };
		8A3BE68F2982DC1A007817E8 /* Data_MocksTests.swift in Sources */ = {isa = PBXBuildFile; fileRef = 8A3BE68E2982DC1A007817E8 /* Data_MocksTests.swift */; };
		8A3BE6902982DC1A007817E8 /* Data_Mocks.h in Headers */ = {isa = PBXBuildFile; fileRef = 8A3BE6842982DC19007817E8 /* Data_Mocks.h */; settings = {ATTRIBUTES = (Public, ); }; };
		8A3BE69A2982DC5A007817E8 /* ProfileData.swift in Sources */ = {isa = PBXBuildFile; fileRef = 8A3BE6992982DC5A007817E8 /* ProfileData.swift */; };
		8A3BE69C2982DD27007817E8 /* DataEnumsRefrence.swift in Sources */ = {isa = PBXBuildFile; fileRef = 8A3BE69B2982DD27007817E8 /* DataEnumsRefrence.swift */; };
		8A3BE6A22982ECA4007817E8 /* Utils.swift in Sources */ = {isa = PBXBuildFile; fileRef = 8A3BE6A12982ECA4007817E8 /* Utils.swift */; };
		8A3BE6A42982F60F007817E8 /* CompanysData.swift in Sources */ = {isa = PBXBuildFile; fileRef = 8A3BE6A32982F60F007817E8 /* CompanysData.swift */; };
/* End PBXBuildFile section */

/* Begin PBXContainerItemProxy section */
		8A3BE68B2982DC1A007817E8 /* PBXContainerItemProxy */ = {
			isa = PBXContainerItemProxy;
			containerPortal = 8A3BE6782982DC19007817E8 /* Project object */;
			proxyType = 1;
			remoteGlobalIDString = 8A3BE6802982DC19007817E8;
			remoteInfo = Data_Mocks;
		};
/* End PBXContainerItemProxy section */

/* Begin PBXFileReference section */
		8A2A6706298ACC5A008D4BC7 /* FeedData.swift */ = {isa = PBXFileReference; lastKnownFileType = sourcecode.swift; path = FeedData.swift; sourceTree = "<group>"; };
		8A3BE6812982DC19007817E8 /* Data_Mocks.framework */ = {isa = PBXFileReference; explicitFileType = wrapper.framework; includeInIndex = 0; path = Data_Mocks.framework; sourceTree = BUILT_PRODUCTS_DIR; };
		8A3BE6842982DC19007817E8 /* Data_Mocks.h */ = {isa = PBXFileReference; lastKnownFileType = sourcecode.c.h; path = Data_Mocks.h; sourceTree = "<group>"; };
		8A3BE6892982DC1A007817E8 /* Data_MocksTests.xctest */ = {isa = PBXFileReference; explicitFileType = wrapper.cfbundle; includeInIndex = 0; path = Data_MocksTests.xctest; sourceTree = BUILT_PRODUCTS_DIR; };
		8A3BE68E2982DC1A007817E8 /* Data_MocksTests.swift */ = {isa = PBXFileReference; lastKnownFileType = sourcecode.swift; path = Data_MocksTests.swift; sourceTree = "<group>"; };
		8A3BE6992982DC5A007817E8 /* ProfileData.swift */ = {isa = PBXFileReference; lastKnownFileType = sourcecode.swift; path = ProfileData.swift; sourceTree = "<group>"; };
		8A3BE69B2982DD27007817E8 /* DataEnumsRefrence.swift */ = {isa = PBXFileReference; lastKnownFileType = sourcecode.swift; path = DataEnumsRefrence.swift; sourceTree = "<group>"; };
		8A3BE6A12982ECA4007817E8 /* Utils.swift */ = {isa = PBXFileReference; lastKnownFileType = sourcecode.swift; path = Utils.swift; sourceTree = "<group>"; };
		8A3BE6A32982F60F007817E8 /* CompanysData.swift */ = {isa = PBXFileReference; lastKnownFileType = sourcecode.swift; path = CompanysData.swift; sourceTree = "<group>"; };
/* End PBXFileReference section */

/* Begin PBXFrameworksBuildPhase section */
		8A3BE67E2982DC19007817E8 /* Frameworks */ = {
			isa = PBXFrameworksBuildPhase;
			buildActionMask = 2147483647;
			files = (
			);
			runOnlyForDeploymentPostprocessing = 0;
		};
		8A3BE6862982DC1A007817E8 /* Frameworks */ = {
			isa = PBXFrameworksBuildPhase;
			buildActionMask = 2147483647;
			files = (
				8A3BE68A2982DC1A007817E8 /* Data_Mocks.framework in Frameworks */,
			);
			runOnlyForDeploymentPostprocessing = 0;
		};
/* End PBXFrameworksBuildPhase section */

/* Begin PBXGroup section */
		8A3BE6772982DC19007817E8 = {
			isa = PBXGroup;
			children = (
				8A3BE6832982DC19007817E8 /* Data_Mocks */,
				8A3BE68D2982DC1A007817E8 /* Data_MocksTests */,
				8A3BE6822982DC19007817E8 /* Products */,
			);
			sourceTree = "<group>";
		};
		8A3BE6822982DC19007817E8 /* Products */ = {
			isa = PBXGroup;
			children = (
				8A3BE6812982DC19007817E8 /* Data_Mocks.framework */,
				8A3BE6892982DC1A007817E8 /* Data_MocksTests.xctest */,
			);
			name = Products;
			sourceTree = "<group>";
		};
		8A3BE6832982DC19007817E8 /* Data_Mocks */ = {
			isa = PBXGroup;
			children = (
				8A3BE6842982DC19007817E8 /* Data_Mocks.h */,
				8A3BE69B2982DD27007817E8 /* DataEnumsRefrence.swift */,
				8A3BE6A12982ECA4007817E8 /* Utils.swift */,
				8A3BE6992982DC5A007817E8 /* ProfileData.swift */,
				8A3BE6A32982F60F007817E8 /* CompanysData.swift */,
				8A2A6706298ACC5A008D4BC7 /* FeedData.swift */,
			);
			path = Data_Mocks;
			sourceTree = "<group>";
		};
		8A3BE68D2982DC1A007817E8 /* Data_MocksTests */ = {
			isa = PBXGroup;
			children = (
				8A3BE68E2982DC1A007817E8 /* Data_MocksTests.swift */,
			);
			path = Data_MocksTests;
			sourceTree = "<group>";
		};
/* End PBXGroup section */

/* Begin PBXHeadersBuildPhase section */
		8A3BE67C2982DC19007817E8 /* Headers */ = {
			isa = PBXHeadersBuildPhase;
			buildActionMask = 2147483647;
			files = (
				8A3BE6902982DC1A007817E8 /* Data_Mocks.h in Headers */,
			);
			runOnlyForDeploymentPostprocessing = 0;
		};
/* End PBXHeadersBuildPhase section */

/* Begin PBXNativeTarget section */
		8A3BE6802982DC19007817E8 /* Data_Mocks */ = {
			isa = PBXNativeTarget;
			buildConfigurationList = 8A3BE6932982DC1A007817E8 /* Build configuration list for PBXNativeTarget "Data_Mocks" */;
			buildPhases = (
				8A3BE67C2982DC19007817E8 /* Headers */,
				8A3BE67D2982DC19007817E8 /* Sources */,
				8A3BE67E2982DC19007817E8 /* Frameworks */,
				8A3BE67F2982DC19007817E8 /* Resources */,
			);
			buildRules = (
			);
			dependencies = (
			);
			name = Data_Mocks;
			productName = Data_Mocks;
			productReference = 8A3BE6812982DC19007817E8 /* Data_Mocks.framework */;
			productType = "com.apple.product-type.framework";
		};
		8A3BE6882982DC1A007817E8 /* Data_MocksTests */ = {
			isa = PBXNativeTarget;
			buildConfigurationList = 8A3BE6962982DC1A007817E8 /* Build configuration list for PBXNativeTarget "Data_MocksTests" */;
			buildPhases = (
				8A3BE6852982DC1A007817E8 /* Sources */,
				8A3BE6862982DC1A007817E8 /* Frameworks */,
				8A3BE6872982DC1A007817E8 /* Resources */,
			);
			buildRules = (
			);
			dependencies = (
				8A3BE68C2982DC1A007817E8 /* PBXTargetDependency */,
			);
			name = Data_MocksTests;
			productName = Data_MocksTests;
			productReference = 8A3BE6892982DC1A007817E8 /* Data_MocksTests.xctest */;
			productType = "com.apple.product-type.bundle.unit-test";
		};
/* End PBXNativeTarget section */

/* Begin PBXProject section */
		8A3BE6782982DC19007817E8 /* Project object */ = {
			isa = PBXProject;
			attributes = {
				BuildIndependentTargetsInParallel = 1;
				LastSwiftUpdateCheck = 1400;
				LastUpgradeCheck = 1400;
				TargetAttributes = {
					8A3BE6802982DC19007817E8 = {
						CreatedOnToolsVersion = 14.0;
						LastSwiftMigration = 1400;
					};
					8A3BE6882982DC1A007817E8 = {
						CreatedOnToolsVersion = 14.0;
					};
				};
			};
			buildConfigurationList = 8A3BE67B2982DC19007817E8 /* Build configuration list for PBXProject "Data_Mocks" */;
			compatibilityVersion = "Xcode 14.0";
			developmentRegion = en;
			hasScannedForEncodings = 0;
			knownRegions = (
				en,
				Base,
			);
			mainGroup = 8A3BE6772982DC19007817E8;
			productRefGroup = 8A3BE6822982DC19007817E8 /* Products */;
			projectDirPath = "";
			projectRoot = "";
			targets = (
				8A3BE6802982DC19007817E8 /* Data_Mocks */,
				8A3BE6882982DC1A007817E8 /* Data_MocksTests */,
			);
		};
/* End PBXProject section */

/* Begin PBXResourcesBuildPhase section */
		8A3BE67F2982DC19007817E8 /* Resources */ = {
			isa = PBXResourcesBuildPhase;
			buildActionMask = 2147483647;
			files = (
			);
			runOnlyForDeploymentPostprocessing = 0;
		};
		8A3BE6872982DC1A007817E8 /* Resources */ = {
			isa = PBXResourcesBuildPhase;
			buildActionMask = 2147483647;
			files = (
			);
			runOnlyForDeploymentPostprocessing = 0;
		};
/* End PBXResourcesBuildPhase section */

/* Begin PBXSourcesBuildPhase section */
		8A3BE67D2982DC19007817E8 /* Sources */ = {
			isa = PBXSourcesBuildPhase;
			buildActionMask = 2147483647;
			files = (
				8A3BE69C2982DD27007817E8 /* DataEnumsRefrence.swift in Sources */,
				8A2A6707298ACC5A008D4BC7 /* FeedData.swift in Sources */,
				8A3BE6A42982F60F007817E8 /* CompanysData.swift in Sources */,
				8A3BE69A2982DC5A007817E8 /* ProfileData.swift in Sources */,
				8A3BE6A22982ECA4007817E8 /* Utils.swift in Sources */,
			);
			runOnlyForDeploymentPostprocessing = 0;
		};
		8A3BE6852982DC1A007817E8 /* Sources */ = {
			isa = PBXSourcesBuildPhase;
			buildActionMask = 2147483647;
			files = (
				8A3BE68F2982DC1A007817E8 /* Data_MocksTests.swift in Sources */,
			);
			runOnlyForDeploymentPostprocessing = 0;
		};
/* End PBXSourcesBuildPhase section */

/* Begin PBXTargetDependency section */
		8A3BE68C2982DC1A007817E8 /* PBXTargetDependency */ = {
			isa = PBXTargetDependency;
			target = 8A3BE6802982DC19007817E8 /* Data_Mocks */;
			targetProxy = 8A3BE68B2982DC1A007817E8 /* PBXContainerItemProxy */;
		};
/* End PBXTargetDependency section */

/* Begin XCBuildConfiguration section */
		8A3BE6912982DC1A007817E8 /* Debug */ = {
			isa = XCBuildConfiguration;
			buildSettings = {
				ALWAYS_SEARCH_USER_PATHS = NO;
				CLANG_ANALYZER_NONNULL = YES;
				CLANG_ANALYZER_NUMBER_OBJECT_CONVERSION = YES_AGGRESSIVE;
				CLANG_CXX_LANGUAGE_STANDARD = "gnu++20";
				CLANG_ENABLE_MODULES = YES;
				CLANG_ENABLE_OBJC_ARC = YES;
				CLANG_ENABLE_OBJC_WEAK = YES;
				CLANG_WARN_BLOCK_CAPTURE_AUTORELEASING = YES;
				CLANG_WARN_BOOL_CONVERSION = YES;
				CLANG_WARN_COMMA = YES;
				CLANG_WARN_CONSTANT_CONVERSION = YES;
				CLANG_WARN_DEPRECATED_OBJC_IMPLEMENTATIONS = YES;
				CLANG_WARN_DIRECT_OBJC_ISA_USAGE = YES_ERROR;
				CLANG_WARN_DOCUMENTATION_COMMENTS = YES;
				CLANG_WARN_EMPTY_BODY = YES;
				CLANG_WARN_ENUM_CONVERSION = YES;
				CLANG_WARN_INFINITE_RECURSION = YES;
				CLANG_WARN_INT_CONVERSION = YES;
				CLANG_WARN_NON_LITERAL_NULL_CONVERSION = YES;
				CLANG_WARN_OBJC_IMPLICIT_RETAIN_SELF = YES;
				CLANG_WARN_OBJC_LITERAL_CONVERSION = YES;
				CLANG_WARN_OBJC_ROOT_CLASS = YES_ERROR;
				CLANG_WARN_QUOTED_INCLUDE_IN_FRAMEWORK_HEADER = YES;
				CLANG_WARN_RANGE_LOOP_ANALYSIS = YES;
				CLANG_WARN_STRICT_PROTOTYPES = YES;
				CLANG_WARN_SUSPICIOUS_MOVE = YES;
				CLANG_WARN_UNGUARDED_AVAILABILITY = YES_AGGRESSIVE;
				CLANG_WARN_UNREACHABLE_CODE = YES;
				CLANG_WARN__DUPLICATE_METHOD_MATCH = YES;
				COPY_PHASE_STRIP = NO;
				CURRENT_PROJECT_VERSION = 1;
				DEBUG_INFORMATION_FORMAT = dwarf;
				ENABLE_STRICT_OBJC_MSGSEND = YES;
				ENABLE_TESTABILITY = YES;
				GCC_C_LANGUAGE_STANDARD = gnu11;
				GCC_DYNAMIC_NO_PIC = NO;
				GCC_NO_COMMON_BLOCKS = YES;
				GCC_OPTIMIZATION_LEVEL = 0;
				GCC_PREPROCESSOR_DEFINITIONS = (
					"DEBUG=1",
					"$(inherited)",
				);
				GCC_WARN_64_TO_32_BIT_CONVERSION = YES;
				GCC_WARN_ABOUT_RETURN_TYPE = YES_ERROR;
				GCC_WARN_UNDECLARED_SELECTOR = YES;
				GCC_WARN_UNINITIALIZED_AUTOS = YES_AGGRESSIVE;
				GCC_WARN_UNUSED_FUNCTION = YES;
				GCC_WARN_UNUSED_VARIABLE = YES;
				IPHONEOS_DEPLOYMENT_TARGET = 16.0;
				MTL_ENABLE_DEBUG_INFO = INCLUDE_SOURCE;
				MTL_FAST_MATH = YES;
				ONLY_ACTIVE_ARCH = YES;
				SDKROOT = iphoneos;
				SWIFT_ACTIVE_COMPILATION_CONDITIONS = DEBUG;
				SWIFT_OPTIMIZATION_LEVEL = "-Onone";
				VERSIONING_SYSTEM = "apple-generic";
				VERSION_INFO_PREFIX = "";
			};
			name = Debug;
		};
		8A3BE6922982DC1A007817E8 /* Release */ = {
			isa = XCBuildConfiguration;
			buildSettings = {
				ALWAYS_SEARCH_USER_PATHS = NO;
				CLANG_ANALYZER_NONNULL = YES;
				CLANG_ANALYZER_NUMBER_OBJECT_CONVERSION = YES_AGGRESSIVE;
				CLANG_CXX_LANGUAGE_STANDARD = "gnu++20";
				CLANG_ENABLE_MODULES = YES;
				CLANG_ENABLE_OBJC_ARC = YES;
				CLANG_ENABLE_OBJC_WEAK = YES;
				CLANG_WARN_BLOCK_CAPTURE_AUTORELEASING = YES;
				CLANG_WARN_BOOL_CONVERSION = YES;
				CLANG_WARN_COMMA = YES;
				CLANG_WARN_CONSTANT_CONVERSION = YES;
				CLANG_WARN_DEPRECATED_OBJC_IMPLEMENTATIONS = YES;
				CLANG_WARN_DIRECT_OBJC_ISA_USAGE = YES_ERROR;
				CLANG_WARN_DOCUMENTATION_COMMENTS = YES;
				CLANG_WARN_EMPTY_BODY = YES;
				CLANG_WARN_ENUM_CONVERSION = YES;
				CLANG_WARN_INFINITE_RECURSION = YES;
				CLANG_WARN_INT_CONVERSION = YES;
				CLANG_WARN_NON_LITERAL_NULL_CONVERSION = YES;
				CLANG_WARN_OBJC_IMPLICIT_RETAIN_SELF = YES;
				CLANG_WARN_OBJC_LITERAL_CONVERSION = YES;
				CLANG_WARN_OBJC_ROOT_CLASS = YES_ERROR;
				CLANG_WARN_QUOTED_INCLUDE_IN_FRAMEWORK_HEADER = YES;
				CLANG_WARN_RANGE_LOOP_ANALYSIS = YES;
				CLANG_WARN_STRICT_PROTOTYPES = YES;
				CLANG_WARN_SUSPICIOUS_MOVE = YES;
				CLANG_WARN_UNGUARDED_AVAILABILITY = YES_AGGRESSIVE;
				CLANG_WARN_UNREACHABLE_CODE = YES;
				CLANG_WARN__DUPLICATE_METHOD_MATCH = YES;
				COPY_PHASE_STRIP = NO;
				CURRENT_PROJECT_VERSION = 1;
				DEBUG_INFORMATION_FORMAT = "dwarf-with-dsym";
				ENABLE_NS_ASSERTIONS = NO;
				ENABLE_STRICT_OBJC_MSGSEND = YES;
				GCC_C_LANGUAGE_STANDARD = gnu11;
				GCC_NO_COMMON_BLOCKS = YES;
				GCC_WARN_64_TO_32_BIT_CONVERSION = YES;
				GCC_WARN_ABOUT_RETURN_TYPE = YES_ERROR;
				GCC_WARN_UNDECLARED_SELECTOR = YES;
				GCC_WARN_UNINITIALIZED_AUTOS = YES_AGGRESSIVE;
				GCC_WARN_UNUSED_FUNCTION = YES;
				GCC_WARN_UNUSED_VARIABLE = YES;
				IPHONEOS_DEPLOYMENT_TARGET = 16.0;
				MTL_ENABLE_DEBUG_INFO = NO;
				MTL_FAST_MATH = YES;
				SDKROOT = iphoneos;
				SWIFT_COMPILATION_MODE = wholemodule;
				SWIFT_OPTIMIZATION_LEVEL = "-O";
				VALIDATE_PRODUCT = YES;
				VERSIONING_SYSTEM = "apple-generic";
				VERSION_INFO_PREFIX = "";
			};
			name = Release;
		};
		8A3BE6942982DC1A007817E8 /* Debug */ = {
			isa = XCBuildConfiguration;
			buildSettings = {
				CLANG_ENABLE_MODULES = YES;
				CODE_SIGN_STYLE = Automatic;
				CURRENT_PROJECT_VERSION = 1;
				DEFINES_MODULE = YES;
				DEVELOPMENT_TEAM = 6TW9S5N48Q;
				DYLIB_COMPATIBILITY_VERSION = 1;
				DYLIB_CURRENT_VERSION = 1;
				DYLIB_INSTALL_NAME_BASE = "@rpath";
				GENERATE_INFOPLIST_FILE = YES;
				INFOPLIST_KEY_NSHumanReadableCopyright = "";
				INSTALL_PATH = "$(LOCAL_LIBRARY_DIR)/Frameworks";
				LD_RUNPATH_SEARCH_PATHS = (
					"$(inherited)",
					"@executable_path/Frameworks",
					"@loader_path/Frameworks",
				);
				MARKETING_VERSION = 1.0;
				PRODUCT_BUNDLE_IDENTIFIER = "com.amohiy.linkedin.data.mocks.Data-Mocks";
				PRODUCT_NAME = "$(TARGET_NAME:c99extidentifier)";
				SKIP_INSTALL = YES;
				SWIFT_EMIT_LOC_STRINGS = YES;
				SWIFT_OPTIMIZATION_LEVEL = "-Onone";
				SWIFT_VERSION = 5.0;
				TARGETED_DEVICE_FAMILY = "1,2";
			};
			name = Debug;
		};
		8A3BE6952982DC1A007817E8 /* Release */ = {
			isa = XCBuildConfiguration;
			buildSettings = {
				CLANG_ENABLE_MODULES = YES;
				CODE_SIGN_STYLE = Automatic;
				CURRENT_PROJECT_VERSION = 1;
				DEFINES_MODULE = YES;
				DEVELOPMENT_TEAM = 6TW9S5N48Q;
				DYLIB_COMPATIBILITY_VERSION = 1;
				DYLIB_CURRENT_VERSION = 1;
				DYLIB_INSTALL_NAME_BASE = "@rpath";
				GENERATE_INFOPLIST_FILE = YES;
				INFOPLIST_KEY_NSHumanReadableCopyright = "";
				INSTALL_PATH = "$(LOCAL_LIBRARY_DIR)/Frameworks";
				LD_RUNPATH_SEARCH_PATHS = (
					"$(inherited)",
					"@executable_path/Frameworks",
					"@loader_path/Frameworks",
				);
				MARKETING_VERSION = 1.0;
				PRODUCT_BUNDLE_IDENTIFIER = "com.amohiy.linkedin.data.mocks.Data-Mocks";
				PRODUCT_NAME = "$(TARGET_NAME:c99extidentifier)";
				SKIP_INSTALL = YES;
				SWIFT_EMIT_LOC_STRINGS = YES;
				SWIFT_VERSION = 5.0;
				TARGETED_DEVICE_FAMILY = "1,2";
			};
			name = Release;
		};
		8A3BE6972982DC1A007817E8 /* Debug */ = {
			isa = XCBuildConfiguration;
			buildSettings = {
				ALWAYS_EMBED_SWIFT_STANDARD_LIBRARIES = YES;
				CODE_SIGN_STYLE = Automatic;
				CURRENT_PROJECT_VERSION = 1;
				DEVELOPMENT_TEAM = 6TW9S5N48Q;
				GENERATE_INFOPLIST_FILE = YES;
				MARKETING_VERSION = 1.0;
				PRODUCT_BUNDLE_IDENTIFIER = "com.amohiy.linkedin.data.mocks.Data-MocksTests";
				PRODUCT_NAME = "$(TARGET_NAME)";
				SWIFT_EMIT_LOC_STRINGS = NO;
				SWIFT_VERSION = 5.0;
				TARGETED_DEVICE_FAMILY = "1,2";
			};
			name = Debug;
		};
		8A3BE6982982DC1A007817E8 /* Release */ = {
			isa = XCBuildConfiguration;
			buildSettings = {
				ALWAYS_EMBED_SWIFT_STANDARD_LIBRARIES = YES;
				CODE_SIGN_STYLE = Automatic;
				CURRENT_PROJECT_VERSION = 1;
				DEVELOPMENT_TEAM = 6TW9S5N48Q;
				GENERATE_INFOPLIST_FILE = YES;
				MARKETING_VERSION = 1.0;
				PRODUCT_BUNDLE_IDENTIFIER = "com.amohiy.linkedin.data.mocks.Data-MocksTests";
				PRODUCT_NAME = "$(TARGET_NAME)";
				SWIFT_EMIT_LOC_STRINGS = NO;
				SWIFT_VERSION = 5.0;
				TARGETED_DEVICE_FAMILY = "1,2";
			};
			name = Release;
		};
/* End XCBuildConfiguration section */

/* Begin XCConfigurationList section */
		8A3BE67B2982DC19007817E8 /* Build configuration list for PBXProject "Data_Mocks" */ = {
			isa = XCConfigurationList;
			buildConfigurations = (
				8A3BE6912982DC1A007817E8 /* Debug */,
				8A3BE6922982DC1A007817E8 /* Release */,
			);
			defaultConfigurationIsVisible = 0;
			defaultConfigurationName = Release;
		};
		8A3BE6932982DC1A007817E8 /* Build configuration list for PBXNativeTarget "Data_Mocks" */ = {
			isa = XCConfigurationList;
			buildConfigurations = (
				8A3BE6942982DC1A007817E8 /* Debug */,
				8A3BE6952982DC1A007817E8 /* Release */,
			);
			defaultConfigurationIsVisible = 0;
			defaultConfigurationName = Release;
		};
		8A3BE6962982DC1A007817E8 /* Build configuration list for PBXNativeTarget "Data_MocksTests" */ = {
			isa = XCConfigurationList;
			buildConfigurations = (
				8A3BE6972982DC1A007817E8 /* Debug */,
				8A3BE6982982DC1A007817E8 /* Release */,
			);
			defaultConfigurationIsVisible = 0;
			defaultConfigurationName = Release;
		};
/* End XCConfigurationList section */
	};
	rootObject = 8A3BE6782982DC19007817E8 /* Project object */;
}
