// !$*UTF8*$!
{
	archiveVersion = 1;
	classes = {
	};
	objectVersion = 56;
	objects = {

/* Begin PBXBuildFile section */
		8A2A55532991B07B00C7C008 /* AppDelegate.swift in Sources */ = {isa = PBXBuildFile; fileRef = 8A2A55522991B07B00C7C008 /* AppDelegate.swift */; };
		8A2A55552991B07B00C7C008 /* SceneDelegate.swift in Sources */ = {isa = PBXBuildFile; fileRef = 8A2A55542991B07B00C7C008 /* SceneDelegate.swift */; };
		8A2A555A2991B07B00C7C008 /* Main.storyboard in Resources */ = {isa = PBXBuildFile; fileRef = 8A2A55582991B07B00C7C008 /* Main.storyboard */; };
		8A2A555C2991B07D00C7C008 /* Assets.xcassets in Resources */ = {isa = PBXBuildFile; fileRef = 8A2A555B2991B07D00C7C008 /* Assets.xcassets */; };
		8A2A555F2991B07D00C7C008 /* LaunchScreen.storyboard in Resources */ = {isa = PBXBuildFile; fileRef = 8A2A555D2991B07D00C7C008 /* LaunchScreen.storyboard */; };
		8A2A55682991B13D00C7C008 /* linkedin_models.framework in Frameworks */ = {isa = PBXBuildFile; fileRef = 8A2A55672991B13D00C7C008 /* linkedin_models.framework */; };
		8A2A55692991B13D00C7C008 /* linkedin_models.framework in Embed Frameworks */ = {isa = PBXBuildFile; fileRef = 8A2A55672991B13D00C7C008 /* linkedin_models.framework */; settings = {ATTRIBUTES = (CodeSignOnCopy, RemoveHeadersOnCopy, ); }; };
		8A2A55A42991B16F00C7C008 /* UIColorExtension.swift in Sources */ = {isa = PBXBuildFile; fileRef = 8A2A55702991B16E00C7C008 /* UIColorExtension.swift */; };
		8A2A55A52991B16F00C7C008 /* UIlabelExtension.swift in Sources */ = {isa = PBXBuildFile; fileRef = 8A2A55712991B16E00C7C008 /* UIlabelExtension.swift */; };
		8A2A55A62991B16F00C7C008 /* UIWindowExtension.swift in Sources */ = {isa = PBXBuildFile; fileRef = 8A2A55722991B16E00C7C008 /* UIWindowExtension.swift */; };
		8A2A55A72991B16F00C7C008 /* NotificationsViewController.swift in Sources */ = {isa = PBXBuildFile; fileRef = 8A2A55752991B16E00C7C008 /* NotificationsViewController.swift */; };
		8A2A55A82991B16F00C7C008 /* SideMenuViewController.swift in Sources */ = {isa = PBXBuildFile; fileRef = 8A2A55772991B16E00C7C008 /* SideMenuViewController.swift */; };
		8A2A55A92991B16F00C7C008 /* MessagesViewController.swift in Sources */ = {isa = PBXBuildFile; fileRef = 8A2A55792991B16E00C7C008 /* MessagesViewController.swift */; };
		8A2A55AA2991B16F00C7C008 /* MyNetworkViewController.swift in Sources */ = {isa = PBXBuildFile; fileRef = 8A2A557B2991B16E00C7C008 /* MyNetworkViewController.swift */; };
		8A2A55AB2991B16F00C7C008 /* JobsViewController.swift in Sources */ = {isa = PBXBuildFile; fileRef = 8A2A557D2991B16E00C7C008 /* JobsViewController.swift */; };
		8A2A55AC2991B16F00C7C008 /* MainTabBarViewController.swift in Sources */ = {isa = PBXBuildFile; fileRef = 8A2A557F2991B16E00C7C008 /* MainTabBarViewController.swift */; };
		8A2A55AD2991B16F00C7C008 /* HomeViewControllerViewModel.swift in Sources */ = {isa = PBXBuildFile; fileRef = 8A2A55812991B16E00C7C008 /* HomeViewControllerViewModel.swift */; };
		8A2A55AE2991B16F00C7C008 /* HomeViewController.swift in Sources */ = {isa = PBXBuildFile; fileRef = 8A2A55822991B16E00C7C008 /* HomeViewController.swift */; };
		8A2A55AF2991B16F00C7C008 /* NotificationNameExtension.swift in Sources */ = {isa = PBXBuildFile; fileRef = 8A2A55842991B16E00C7C008 /* NotificationNameExtension.swift */; };
		8A2A55B02991B16F00C7C008 /* StringExtension.swift in Sources */ = {isa = PBXBuildFile; fileRef = 8A2A55852991B16E00C7C008 /* StringExtension.swift */; };
		8A2A55B12991B16F00C7C008 /* DateExtension.swift in Sources */ = {isa = PBXBuildFile; fileRef = 8A2A55862991B16E00C7C008 /* DateExtension.swift */; };
		8A2A55B22991B16F00C7C008 /* HomeFeedCellViewModel.swift in Sources */ = {isa = PBXBuildFile; fileRef = 8A2A558A2991B16F00C7C008 /* HomeFeedCellViewModel.swift */; };
		8A2A55B32991B16F00C7C008 /* HomeFeedCollectionViewCell.swift in Sources */ = {isa = PBXBuildFile; fileRef = 8A2A558B2991B16F00C7C008 /* HomeFeedCollectionViewCell.swift */; };
		8A2A55B42991B16F00C7C008 /* HomeFeedPostHeaderView.swift in Sources */ = {isa = PBXBuildFile; fileRef = 8A2A558D2991B16F00C7C008 /* HomeFeedPostHeaderView.swift */; };
		8A2A55B52991B16F00C7C008 /* HomeFeedPostFooterView.swift in Sources */ = {isa = PBXBuildFile; fileRef = 8A2A558F2991B16F00C7C008 /* HomeFeedPostFooterView.swift */; };
		8A2A55B62991B16F00C7C008 /* ProfileBarButtonItem.swift in Sources */ = {isa = PBXBuildFile; fileRef = 8A2A55922991B16F00C7C008 /* ProfileBarButtonItem.swift */; };
		8A2A55B72991B16F00C7C008 /* ProfileBarButtonItemViewModel.swift in Sources */ = {isa = PBXBuildFile; fileRef = 8A2A55932991B16F00C7C008 /* ProfileBarButtonItemViewModel.swift */; };
		8A2A55B82991B16F00C7C008 /* MainAppContainerViewController.swift in Sources */ = {isa = PBXBuildFile; fileRef = 8A2A55942991B16F00C7C008 /* MainAppContainerViewController.swift */; };
		8A2A55B92991B16F00C7C008 /* Localizable.strings in Resources */ = {isa = PBXBuildFile; fileRef = 8A2A55962991B16F00C7C008 /* Localizable.strings */; };
		8A2A55BA2991B16F00C7C008 /* HomeSearchViewController.swift in Sources */ = {isa = PBXBuildFile; fileRef = 8A2A55992991B16F00C7C008 /* HomeSearchViewController.swift */; };
		8A2A55BB2991B16F00C7C008 /* MainContainerTransitionController.swift in Sources */ = {isa = PBXBuildFile; fileRef = 8A2A559B2991B16F00C7C008 /* MainContainerTransitionController.swift */; };
		8A2A55BC2991B16F00C7C008 /* MainContainerTransitionController+NavigationBarButtonTapped.swift in Sources */ = {isa = PBXBuildFile; fileRef = 8A2A559C2991B16F00C7C008 /* MainContainerTransitionController+NavigationBarButtonTapped.swift */; };
		8A2A55BD2991B16F00C7C008 /* MainContainerTransitionController+GestureHandling.swift in Sources */ = {isa = PBXBuildFile; fileRef = 8A2A559D2991B16F00C7C008 /* MainContainerTransitionController+GestureHandling.swift */; };
		8A2A55BE2991B16F00C7C008 /* HomeSearchViewControllerNavigationBarController.swift in Sources */ = {isa = PBXBuildFile; fileRef = 8A2A55A02991B16F00C7C008 /* HomeSearchViewControllerNavigationBarController.swift */; };
		8A2A55BF2991B16F00C7C008 /* HomeNavigationBarController.swift in Sources */ = {isa = PBXBuildFile; fileRef = 8A2A55A22991B16F00C7C008 /* HomeNavigationBarController.swift */; };
		8A2A55C12991B3F500C7C008 /* UIImageExtension.swift in Sources */ = {isa = PBXBuildFile; fileRef = 8A2A55C02991B3F500C7C008 /* UIImageExtension.swift */; };
		8A80F1F72998011E00937223 /* SideMenuViewControllerViewModel.swift in Sources */ = {isa = PBXBuildFile; fileRef = 8A80F1F62998011E00937223 /* SideMenuViewControllerViewModel.swift */; };
		8A875DB4299421AD00E9D1C0 /* HomeCollectionViewLayout.swift in Sources */ = {isa = PBXBuildFile; fileRef = 8A875DB3299421AD00E9D1C0 /* HomeCollectionViewLayout.swift */; };
		8AA26F8B2992CB84003BC9F1 /* profile_1.jpg in Resources */ = {isa = PBXBuildFile; fileRef = 8AA26F8A2992CB84003BC9F1 /* profile_1.jpg */; };
		8AA26F8D2992CBFA003BC9F1 /* google_image.jpg in Resources */ = {isa = PBXBuildFile; fileRef = 8AA26F8C2992CBFA003BC9F1 /* google_image.jpg */; };
/* End PBXBuildFile section */

/* Begin PBXCopyFilesBuildPhase section */
		8A2A556A2991B13E00C7C008 /* Embed Frameworks */ = {
			isa = PBXCopyFilesBuildPhase;
			buildActionMask = 2147483647;
			dstPath = "";
			dstSubfolderSpec = 10;
			files = (
				8A2A55692991B13D00C7C008 /* linkedin_models.framework in Embed Frameworks */,
			);
			name = "Embed Frameworks";
			runOnlyForDeploymentPostprocessing = 0;
		};
/* End PBXCopyFilesBuildPhase section */

/* Begin PBXFileReference section */
		8A2A554F2991B07B00C7C008 /* linkedIn_replica_app.app */ = {isa = PBXFileReference; explicitFileType = wrapper.application; includeInIndex = 0; path = linkedIn_replica_app.app; sourceTree = BUILT_PRODUCTS_DIR; };
		8A2A55522991B07B00C7C008 /* AppDelegate.swift */ = {isa = PBXFileReference; lastKnownFileType = sourcecode.swift; path = AppDelegate.swift; sourceTree = "<group>"; };
		8A2A55542991B07B00C7C008 /* SceneDelegate.swift */ = {isa = PBXFileReference; lastKnownFileType = sourcecode.swift; path = SceneDelegate.swift; sourceTree = "<group>"; };
		8A2A55592991B07B00C7C008 /* Base */ = {isa = PBXFileReference; lastKnownFileType = file.storyboard; name = Base; path = Base.lproj/Main.storyboard; sourceTree = "<group>"; };
		8A2A555B2991B07D00C7C008 /* Assets.xcassets */ = {isa = PBXFileReference; lastKnownFileType = folder.assetcatalog; path = Assets.xcassets; sourceTree = "<group>"; };
		8A2A555E2991B07D00C7C008 /* Base */ = {isa = PBXFileReference; lastKnownFileType = file.storyboard; name = Base; path = Base.lproj/LaunchScreen.storyboard; sourceTree = "<group>"; };
		8A2A55602991B07D00C7C008 /* Info.plist */ = {isa = PBXFileReference; lastKnownFileType = text.plist.xml; path = Info.plist; sourceTree = "<group>"; };
		8A2A55672991B13D00C7C008 /* linkedin_models.framework */ = {isa = PBXFileReference; explicitFileType = wrapper.framework; path = linkedin_models.framework; sourceTree = BUILT_PRODUCTS_DIR; };
		8A2A55702991B16E00C7C008 /* UIColorExtension.swift */ = {isa = PBXFileReference; fileEncoding = 4; lastKnownFileType = sourcecode.swift; path = UIColorExtension.swift; sourceTree = "<group>"; };
		8A2A55712991B16E00C7C008 /* UIlabelExtension.swift */ = {isa = PBXFileReference; fileEncoding = 4; lastKnownFileType = sourcecode.swift; path = UIlabelExtension.swift; sourceTree = "<group>"; };
		8A2A55722991B16E00C7C008 /* UIWindowExtension.swift */ = {isa = PBXFileReference; fileEncoding = 4; lastKnownFileType = sourcecode.swift; path = UIWindowExtension.swift; sourceTree = "<group>"; };
		8A2A55752991B16E00C7C008 /* NotificationsViewController.swift */ = {isa = PBXFileReference; fileEncoding = 4; lastKnownFileType = sourcecode.swift; path = NotificationsViewController.swift; sourceTree = "<group>"; };
		8A2A55772991B16E00C7C008 /* SideMenuViewController.swift */ = {isa = PBXFileReference; fileEncoding = 4; lastKnownFileType = sourcecode.swift; path = SideMenuViewController.swift; sourceTree = "<group>"; };
		8A2A55792991B16E00C7C008 /* MessagesViewController.swift */ = {isa = PBXFileReference; fileEncoding = 4; lastKnownFileType = sourcecode.swift; path = MessagesViewController.swift; sourceTree = "<group>"; };
		8A2A557B2991B16E00C7C008 /* MyNetworkViewController.swift */ = {isa = PBXFileReference; fileEncoding = 4; lastKnownFileType = sourcecode.swift; path = MyNetworkViewController.swift; sourceTree = "<group>"; };
		8A2A557D2991B16E00C7C008 /* JobsViewController.swift */ = {isa = PBXFileReference; fileEncoding = 4; lastKnownFileType = sourcecode.swift; path = JobsViewController.swift; sourceTree = "<group>"; };
		8A2A557F2991B16E00C7C008 /* MainTabBarViewController.swift */ = {isa = PBXFileReference; fileEncoding = 4; lastKnownFileType = sourcecode.swift; path = MainTabBarViewController.swift; sourceTree = "<group>"; };
		8A2A55812991B16E00C7C008 /* HomeViewControllerViewModel.swift */ = {isa = PBXFileReference; fileEncoding = 4; lastKnownFileType = sourcecode.swift; path = HomeViewControllerViewModel.swift; sourceTree = "<group>"; };
		8A2A55822991B16E00C7C008 /* HomeViewController.swift */ = {isa = PBXFileReference; fileEncoding = 4; lastKnownFileType = sourcecode.swift; path = HomeViewController.swift; sourceTree = "<group>"; };
		8A2A55842991B16E00C7C008 /* NotificationNameExtension.swift */ = {isa = PBXFileReference; fileEncoding = 4; lastKnownFileType = sourcecode.swift; path = NotificationNameExtension.swift; sourceTree = "<group>"; };
		8A2A55852991B16E00C7C008 /* StringExtension.swift */ = {isa = PBXFileReference; fileEncoding = 4; lastKnownFileType = sourcecode.swift; path = StringExtension.swift; sourceTree = "<group>"; };
		8A2A55862991B16E00C7C008 /* DateExtension.swift */ = {isa = PBXFileReference; fileEncoding = 4; lastKnownFileType = sourcecode.swift; path = DateExtension.swift; sourceTree = "<group>"; };
		8A2A558A2991B16F00C7C008 /* HomeFeedCellViewModel.swift */ = {isa = PBXFileReference; fileEncoding = 4; lastKnownFileType = sourcecode.swift; path = HomeFeedCellViewModel.swift; sourceTree = "<group>"; };
		8A2A558B2991B16F00C7C008 /* HomeFeedCollectionViewCell.swift */ = {isa = PBXFileReference; fileEncoding = 4; lastKnownFileType = sourcecode.swift; path = HomeFeedCollectionViewCell.swift; sourceTree = "<group>"; };
		8A2A558D2991B16F00C7C008 /* HomeFeedPostHeaderView.swift */ = {isa = PBXFileReference; fileEncoding = 4; lastKnownFileType = sourcecode.swift; path = HomeFeedPostHeaderView.swift; sourceTree = "<group>"; };
		8A2A558F2991B16F00C7C008 /* HomeFeedPostFooterView.swift */ = {isa = PBXFileReference; fileEncoding = 4; lastKnownFileType = sourcecode.swift; path = HomeFeedPostFooterView.swift; sourceTree = "<group>"; };
		8A2A55922991B16F00C7C008 /* ProfileBarButtonItem.swift */ = {isa = PBXFileReference; fileEncoding = 4; lastKnownFileType = sourcecode.swift; path = ProfileBarButtonItem.swift; sourceTree = "<group>"; };
		8A2A55932991B16F00C7C008 /* ProfileBarButtonItemViewModel.swift */ = {isa = PBXFileReference; fileEncoding = 4; lastKnownFileType = sourcecode.swift; path = ProfileBarButtonItemViewModel.swift; sourceTree = "<group>"; };
		8A2A55942991B16F00C7C008 /* MainAppContainerViewController.swift */ = {isa = PBXFileReference; fileEncoding = 4; lastKnownFileType = sourcecode.swift; path = MainAppContainerViewController.swift; sourceTree = "<group>"; };
		8A2A55972991B16F00C7C008 /* en */ = {isa = PBXFileReference; lastKnownFileType = text.plist.strings; name = en; path = Localizable.strings; sourceTree = "<group>"; };
		8A2A55992991B16F00C7C008 /* HomeSearchViewController.swift */ = {isa = PBXFileReference; fileEncoding = 4; lastKnownFileType = sourcecode.swift; path = HomeSearchViewController.swift; sourceTree = "<group>"; };
		8A2A559B2991B16F00C7C008 /* MainContainerTransitionController.swift */ = {isa = PBXFileReference; fileEncoding = 4; lastKnownFileType = sourcecode.swift; path = MainContainerTransitionController.swift; sourceTree = "<group>"; };
		8A2A559C2991B16F00C7C008 /* MainContainerTransitionController+NavigationBarButtonTapped.swift */ = {isa = PBXFileReference; fileEncoding = 4; lastKnownFileType = sourcecode.swift; path = "MainContainerTransitionController+NavigationBarButtonTapped.swift"; sourceTree = "<group>"; };
		8A2A559D2991B16F00C7C008 /* MainContainerTransitionController+GestureHandling.swift */ = {isa = PBXFileReference; fileEncoding = 4; lastKnownFileType = sourcecode.swift; path = "MainContainerTransitionController+GestureHandling.swift"; sourceTree = "<group>"; };
		8A2A55A02991B16F00C7C008 /* HomeSearchViewControllerNavigationBarController.swift */ = {isa = PBXFileReference; fileEncoding = 4; lastKnownFileType = sourcecode.swift; path = HomeSearchViewControllerNavigationBarController.swift; sourceTree = "<group>"; };
		8A2A55A22991B16F00C7C008 /* HomeNavigationBarController.swift */ = {isa = PBXFileReference; fileEncoding = 4; lastKnownFileType = sourcecode.swift; path = HomeNavigationBarController.swift; sourceTree = "<group>"; };
		8A2A55C02991B3F500C7C008 /* UIImageExtension.swift */ = {isa = PBXFileReference; lastKnownFileType = sourcecode.swift; path = UIImageExtension.swift; sourceTree = "<group>"; };
		8A80F1F62998011E00937223 /* SideMenuViewControllerViewModel.swift */ = {isa = PBXFileReference; lastKnownFileType = sourcecode.swift; path = SideMenuViewControllerViewModel.swift; sourceTree = "<group>"; };
		8A875DB3299421AD00E9D1C0 /* HomeCollectionViewLayout.swift */ = {isa = PBXFileReference; lastKnownFileType = sourcecode.swift; path = HomeCollectionViewLayout.swift; sourceTree = "<group>"; };
		8AA26F8A2992CB84003BC9F1 /* profile_1.jpg */ = {isa = PBXFileReference; lastKnownFileType = image.jpeg; path = profile_1.jpg; sourceTree = "<group>"; };
		8AA26F8C2992CBFA003BC9F1 /* google_image.jpg */ = {isa = PBXFileReference; lastKnownFileType = image.jpeg; path = google_image.jpg; sourceTree = "<group>"; };
/* End PBXFileReference section */

/* Begin PBXFrameworksBuildPhase section */
		8A2A554C2991B07B00C7C008 /* Frameworks */ = {
			isa = PBXFrameworksBuildPhase;
			buildActionMask = 2147483647;
			files = (
				8A2A55682991B13D00C7C008 /* linkedin_models.framework in Frameworks */,
			);
			runOnlyForDeploymentPostprocessing = 0;
		};
/* End PBXFrameworksBuildPhase section */

/* Begin PBXGroup section */
		8A2A55462991B07B00C7C008 = {
			isa = PBXGroup;
			children = (
				8A2A55512991B07B00C7C008 /* linkedIn_replica_app */,
				8A2A55502991B07B00C7C008 /* Products */,
				8A2A55662991B13D00C7C008 /* Frameworks */,
			);
			sourceTree = "<group>";
		};
		8A2A55502991B07B00C7C008 /* Products */ = {
			isa = PBXGroup;
			children = (
				8A2A554F2991B07B00C7C008 /* linkedIn_replica_app.app */,
			);
			name = Products;
			sourceTree = "<group>";
		};
		8A2A55512991B07B00C7C008 /* linkedIn_replica_app */ = {
			isa = PBXGroup;
			children = (
				8A2A55982991B16F00C7C008 /* Controllers */,
				8A2A55732991B16E00C7C008 /* MainViewControllers */,
				8A2A55872991B16F00C7C008 /* ReusableView */,
				8A2A55832991B16E00C7C008 /* SwiftExtensions */,
				8A2A556F2991B16E00C7C008 /* UIExtensions */,
				8A2A55942991B16F00C7C008 /* MainAppContainerViewController.swift */,
				8A2A55522991B07B00C7C008 /* AppDelegate.swift */,
				8A2A55542991B07B00C7C008 /* SceneDelegate.swift */,
				8A2A556B2991B16E00C7C008 /* Resources */,
				8A2A55952991B16F00C7C008 /* en.lproj */,
				8A2A55582991B07B00C7C008 /* Main.storyboard */,
				8A2A555B2991B07D00C7C008 /* Assets.xcassets */,
				8A2A555D2991B07D00C7C008 /* LaunchScreen.storyboard */,
				8A2A55602991B07D00C7C008 /* Info.plist */,
			);
			path = linkedIn_replica_app;
			sourceTree = "<group>";
		};
		8A2A55662991B13D00C7C008 /* Frameworks */ = {
			isa = PBXGroup;
			children = (
				8A2A55672991B13D00C7C008 /* linkedin_models.framework */,
			);
			name = Frameworks;
			sourceTree = "<group>";
		};
		8A2A556B2991B16E00C7C008 /* Resources */ = {
			isa = PBXGroup;
			children = (
				8A2A55C22992C8A000C7C008 /* Persons */,
				8A2A556C2991B16E00C7C008 /* Companies */,
			);
			path = Resources;
			sourceTree = "<group>";
		};
		8A2A556C2991B16E00C7C008 /* Companies */ = {
			isa = PBXGroup;
			children = (
				8A2A556D2991B16E00C7C008 /* Google */,
			);
			path = Companies;
			sourceTree = "<group>";
		};
		8A2A556D2991B16E00C7C008 /* Google */ = {
			isa = PBXGroup;
			children = (
				8AA26F8C2992CBFA003BC9F1 /* google_image.jpg */,
			);
			path = Google;
			sourceTree = "<group>";
		};
		8A2A556F2991B16E00C7C008 /* UIExtensions */ = {
			isa = PBXGroup;
			children = (
				8A2A55702991B16E00C7C008 /* UIColorExtension.swift */,
				8A2A55712991B16E00C7C008 /* UIlabelExtension.swift */,
				8A2A55722991B16E00C7C008 /* UIWindowExtension.swift */,
				8A2A55C02991B3F500C7C008 /* UIImageExtension.swift */,
			);
			path = UIExtensions;
			sourceTree = "<group>";
		};
		8A2A55732991B16E00C7C008 /* MainViewControllers */ = {
			isa = PBXGroup;
			children = (
				8A2A55742991B16E00C7C008 /* NotificationsViewController */,
				8A2A55762991B16E00C7C008 /* SideMenuViewController */,
				8A2A55782991B16E00C7C008 /* MessagesViewController */,
				8A2A557A2991B16E00C7C008 /* MyNetworkViewController */,
				8A2A557C2991B16E00C7C008 /* JobsViewController */,
				8A2A557E2991B16E00C7C008 /* MainTabBarViewController */,
				8A2A55802991B16E00C7C008 /* HomeViewController */,
			);
			path = MainViewControllers;
			sourceTree = "<group>";
		};
		8A2A55742991B16E00C7C008 /* NotificationsViewController */ = {
			isa = PBXGroup;
			children = (
				8A2A55752991B16E00C7C008 /* NotificationsViewController.swift */,
			);
			path = NotificationsViewController;
			sourceTree = "<group>";
		};
		8A2A55762991B16E00C7C008 /* SideMenuViewController */ = {
			isa = PBXGroup;
			children = (
				8A2A55772991B16E00C7C008 /* SideMenuViewController.swift */,
				8A80F1F62998011E00937223 /* SideMenuViewControllerViewModel.swift */,
			);
			path = SideMenuViewController;
			sourceTree = "<group>";
		};
		8A2A55782991B16E00C7C008 /* MessagesViewController */ = {
			isa = PBXGroup;
			children = (
				8A2A55792991B16E00C7C008 /* MessagesViewController.swift */,
			);
			path = MessagesViewController;
			sourceTree = "<group>";
		};
		8A2A557A2991B16E00C7C008 /* MyNetworkViewController */ = {
			isa = PBXGroup;
			children = (
				8A2A557B2991B16E00C7C008 /* MyNetworkViewController.swift */,
			);
			path = MyNetworkViewController;
			sourceTree = "<group>";
		};
		8A2A557C2991B16E00C7C008 /* JobsViewController */ = {
			isa = PBXGroup;
			children = (
				8A2A557D2991B16E00C7C008 /* JobsViewController.swift */,
			);
			path = JobsViewController;
			sourceTree = "<group>";
		};
		8A2A557E2991B16E00C7C008 /* MainTabBarViewController */ = {
			isa = PBXGroup;
			children = (
				8A2A557F2991B16E00C7C008 /* MainTabBarViewController.swift */,
			);
			path = MainTabBarViewController;
			sourceTree = "<group>";
		};
		8A2A55802991B16E00C7C008 /* HomeViewController */ = {
			isa = PBXGroup;
			children = (
				8A2A55812991B16E00C7C008 /* HomeViewControllerViewModel.swift */,
				8A2A55822991B16E00C7C008 /* HomeViewController.swift */,
				8A875DB3299421AD00E9D1C0 /* HomeCollectionViewLayout.swift */,
			);
			path = HomeViewController;
			sourceTree = "<group>";
		};
		8A2A55832991B16E00C7C008 /* SwiftExtensions */ = {
			isa = PBXGroup;
			children = (
				8A2A55842991B16E00C7C008 /* NotificationNameExtension.swift */,
				8A2A55852991B16E00C7C008 /* StringExtension.swift */,
				8A2A55862991B16E00C7C008 /* DateExtension.swift */,
			);
			path = SwiftExtensions;
			sourceTree = "<group>";
		};
		8A2A55872991B16F00C7C008 /* ReusableView */ = {
			isa = PBXGroup;
			children = (
				8A2A55882991B16F00C7C008 /* ReusableCollectionViewCell */,
				8A2A55902991B16F00C7C008 /* BarViews */,
			);
			path = ReusableView;
			sourceTree = "<group>";
		};
		8A2A55882991B16F00C7C008 /* ReusableCollectionViewCell */ = {
			isa = PBXGroup;
			children = (
				8A2A55892991B16F00C7C008 /* HomeFeedCollectionViewCell */,
				8A2A558C2991B16F00C7C008 /* HomeFeedPostHeaderView */,
				8A2A558E2991B16F00C7C008 /* HomeFeedPostFooterView */,
			);
			path = ReusableCollectionViewCell;
			sourceTree = "<group>";
		};
		8A2A55892991B16F00C7C008 /* HomeFeedCollectionViewCell */ = {
			isa = PBXGroup;
			children = (
				8A2A558A2991B16F00C7C008 /* HomeFeedCellViewModel.swift */,
				8A2A558B2991B16F00C7C008 /* HomeFeedCollectionViewCell.swift */,
			);
			path = HomeFeedCollectionViewCell;
			sourceTree = "<group>";
		};
		8A2A558C2991B16F00C7C008 /* HomeFeedPostHeaderView */ = {
			isa = PBXGroup;
			children = (
				8A2A558D2991B16F00C7C008 /* HomeFeedPostHeaderView.swift */,
			);
			path = HomeFeedPostHeaderView;
			sourceTree = "<group>";
		};
		8A2A558E2991B16F00C7C008 /* HomeFeedPostFooterView */ = {
			isa = PBXGroup;
			children = (
				8A2A558F2991B16F00C7C008 /* HomeFeedPostFooterView.swift */,
			);
			path = HomeFeedPostFooterView;
			sourceTree = "<group>";
		};
		8A2A55902991B16F00C7C008 /* BarViews */ = {
			isa = PBXGroup;
			children = (
				8A2A55912991B16F00C7C008 /* ProfileBarButtonItem */,
			);
			path = BarViews;
			sourceTree = "<group>";
		};
		8A2A55912991B16F00C7C008 /* ProfileBarButtonItem */ = {
			isa = PBXGroup;
			children = (
				8A2A55922991B16F00C7C008 /* ProfileBarButtonItem.swift */,
				8A2A55932991B16F00C7C008 /* ProfileBarButtonItemViewModel.swift */,
			);
			path = ProfileBarButtonItem;
			sourceTree = "<group>";
		};
		8A2A55952991B16F00C7C008 /* en.lproj */ = {
			isa = PBXGroup;
			children = (
				8A2A55962991B16F00C7C008 /* Localizable.strings */,
			);
			path = en.lproj;
			sourceTree = "<group>";
		};
		8A2A55982991B16F00C7C008 /* Controllers */ = {
			isa = PBXGroup;
			children = (
				8A2A55992991B16F00C7C008 /* HomeSearchViewController.swift */,
				8A2A559A2991B16F00C7C008 /* MainContainerTransitionController */,
				8A2A559E2991B16F00C7C008 /* NavigationBarControllers */,
			);
			path = Controllers;
			sourceTree = "<group>";
		};
		8A2A559A2991B16F00C7C008 /* MainContainerTransitionController */ = {
			isa = PBXGroup;
			children = (
				8A2A559B2991B16F00C7C008 /* MainContainerTransitionController.swift */,
				8A2A559C2991B16F00C7C008 /* MainContainerTransitionController+NavigationBarButtonTapped.swift */,
				8A2A559D2991B16F00C7C008 /* MainContainerTransitionController+GestureHandling.swift */,
			);
			path = MainContainerTransitionController;
			sourceTree = "<group>";
		};
		8A2A559E2991B16F00C7C008 /* NavigationBarControllers */ = {
			isa = PBXGroup;
			children = (
				8A2A559F2991B16F00C7C008 /* HomeSearchViewControllerNavigationBarController */,
				8A2A55A12991B16F00C7C008 /* HomeNavigationBarController */,
			);
			path = NavigationBarControllers;
			sourceTree = "<group>";
		};
		8A2A559F2991B16F00C7C008 /* HomeSearchViewControllerNavigationBarController */ = {
			isa = PBXGroup;
			children = (
				8A2A55A02991B16F00C7C008 /* HomeSearchViewControllerNavigationBarController.swift */,
			);
			path = HomeSearchViewControllerNavigationBarController;
			sourceTree = "<group>";
		};
		8A2A55A12991B16F00C7C008 /* HomeNavigationBarController */ = {
			isa = PBXGroup;
			children = (
				8A2A55A22991B16F00C7C008 /* HomeNavigationBarController.swift */,
			);
			path = HomeNavigationBarController;
			sourceTree = "<group>";
		};
		8A2A55C22992C8A000C7C008 /* Persons */ = {
			isa = PBXGroup;
			children = (
				8AA26F8A2992CB84003BC9F1 /* profile_1.jpg */,
			);
			path = Persons;
			sourceTree = "<group>";
		};
/* End PBXGroup section */

/* Begin PBXNativeTarget section */
		8A2A554E2991B07B00C7C008 /* linkedIn_replica_app */ = {
			isa = PBXNativeTarget;
			buildConfigurationList = 8A2A55632991B07D00C7C008 /* Build configuration list for PBXNativeTarget "linkedIn_replica_app" */;
			buildPhases = (
				8A2A554B2991B07B00C7C008 /* Sources */,
				8A2A554C2991B07B00C7C008 /* Frameworks */,
				8A2A554D2991B07B00C7C008 /* Resources */,
				8A2A556A2991B13E00C7C008 /* Embed Frameworks */,
			);
			buildRules = (
			);
			dependencies = (
			);
			name = linkedIn_replica_app;
			productName = linkedIn_replica_app;
			productReference = 8A2A554F2991B07B00C7C008 /* linkedIn_replica_app.app */;
			productType = "com.apple.product-type.application";
		};
/* End PBXNativeTarget section */

/* Begin PBXProject section */
		8A2A55472991B07B00C7C008 /* Project object */ = {
			isa = PBXProject;
			attributes = {
				BuildIndependentTargetsInParallel = 1;
				LastSwiftUpdateCheck = 1400;
				LastUpgradeCheck = 1400;
				TargetAttributes = {
					8A2A554E2991B07B00C7C008 = {
						CreatedOnToolsVersion = 14.0;
					};
				};
			};
			buildConfigurationList = 8A2A554A2991B07B00C7C008 /* Build configuration list for PBXProject "linkedIn_replica_app" */;
			compatibilityVersion = "Xcode 14.0";
			developmentRegion = en;
			hasScannedForEncodings = 0;
			knownRegions = (
				en,
				Base,
			);
			mainGroup = 8A2A55462991B07B00C7C008;
			productRefGroup = 8A2A55502991B07B00C7C008 /* Products */;
			projectDirPath = "";
			projectRoot = "";
			targets = (
				8A2A554E2991B07B00C7C008 /* linkedIn_replica_app */,
			);
		};
/* End PBXProject section */

/* Begin PBXResourcesBuildPhase section */
		8A2A554D2991B07B00C7C008 /* Resources */ = {
			isa = PBXResourcesBuildPhase;
			buildActionMask = 2147483647;
			files = (
				8A2A55B92991B16F00C7C008 /* Localizable.strings in Resources */,
				8A2A555F2991B07D00C7C008 /* LaunchScreen.storyboard in Resources */,
				8AA26F8B2992CB84003BC9F1 /* profile_1.jpg in Resources */,
				8A2A555C2991B07D00C7C008 /* Assets.xcassets in Resources */,
				8AA26F8D2992CBFA003BC9F1 /* google_image.jpg in Resources */,
				8A2A555A2991B07B00C7C008 /* Main.storyboard in Resources */,
			);
			runOnlyForDeploymentPostprocessing = 0;
		};
/* End PBXResourcesBuildPhase section */

/* Begin PBXSourcesBuildPhase section */
		8A2A554B2991B07B00C7C008 /* Sources */ = {
			isa = PBXSourcesBuildPhase;
			buildActionMask = 2147483647;
			files = (
				8A2A55A82991B16F00C7C008 /* SideMenuViewController.swift in Sources */,
				8A2A55B12991B16F00C7C008 /* DateExtension.swift in Sources */,
				8A2A55B62991B16F00C7C008 /* ProfileBarButtonItem.swift in Sources */,
				8A2A55BC2991B16F00C7C008 /* MainContainerTransitionController+NavigationBarButtonTapped.swift in Sources */,
				8A2A55AA2991B16F00C7C008 /* MyNetworkViewController.swift in Sources */,
				8A80F1F72998011E00937223 /* SideMenuViewControllerViewModel.swift in Sources */,
				8A2A55532991B07B00C7C008 /* AppDelegate.swift in Sources */,
				8A2A55B72991B16F00C7C008 /* ProfileBarButtonItemViewModel.swift in Sources */,
				8A2A55B82991B16F00C7C008 /* MainAppContainerViewController.swift in Sources */,
				8A2A55B02991B16F00C7C008 /* StringExtension.swift in Sources */,
				8A875DB4299421AD00E9D1C0 /* HomeCollectionViewLayout.swift in Sources */,
				8A2A55B52991B16F00C7C008 /* HomeFeedPostFooterView.swift in Sources */,
				8A2A55A92991B16F00C7C008 /* MessagesViewController.swift in Sources */,
				8A2A55AE2991B16F00C7C008 /* HomeViewController.swift in Sources */,
				8A2A55BE2991B16F00C7C008 /* HomeSearchViewControllerNavigationBarController.swift in Sources */,
				8A2A55AD2991B16F00C7C008 /* HomeViewControllerViewModel.swift in Sources */,
				8A2A55552991B07B00C7C008 /* SceneDelegate.swift in Sources */,
				8A2A55BF2991B16F00C7C008 /* HomeNavigationBarController.swift in Sources */,
				8A2A55A62991B16F00C7C008 /* UIWindowExtension.swift in Sources */,
				8A2A55B22991B16F00C7C008 /* HomeFeedCellViewModel.swift in Sources */,
				8A2A55AF2991B16F00C7C008 /* NotificationNameExtension.swift in Sources */,
				8A2A55BB2991B16F00C7C008 /* MainContainerTransitionController.swift in Sources */,
				8A2A55A52991B16F00C7C008 /* UIlabelExtension.swift in Sources */,
				8A2A55BD2991B16F00C7C008 /* MainContainerTransitionController+GestureHandling.swift in Sources */,
				8A2A55BA2991B16F00C7C008 /* HomeSearchViewController.swift in Sources */,
				8A2A55C12991B3F500C7C008 /* UIImageExtension.swift in Sources */,
				8A2A55B42991B16F00C7C008 /* HomeFeedPostHeaderView.swift in Sources */,
				8A2A55B32991B16F00C7C008 /* HomeFeedCollectionViewCell.swift in Sources */,
				8A2A55A72991B16F00C7C008 /* NotificationsViewController.swift in Sources */,
				8A2A55AC2991B16F00C7C008 /* MainTabBarViewController.swift in Sources */,
				8A2A55AB2991B16F00C7C008 /* JobsViewController.swift in Sources */,
				8A2A55A42991B16F00C7C008 /* UIColorExtension.swift in Sources */,
			);
			runOnlyForDeploymentPostprocessing = 0;
		};
/* End PBXSourcesBuildPhase section */

/* Begin PBXVariantGroup section */
		8A2A55582991B07B00C7C008 /* Main.storyboard */ = {
			isa = PBXVariantGroup;
			children = (
				8A2A55592991B07B00C7C008 /* Base */,
			);
			name = Main.storyboard;
			sourceTree = "<group>";
		};
		8A2A555D2991B07D00C7C008 /* LaunchScreen.storyboard */ = {
			isa = PBXVariantGroup;
			children = (
				8A2A555E2991B07D00C7C008 /* Base */,
			);
			name = LaunchScreen.storyboard;
			sourceTree = "<group>";
		};
		8A2A55962991B16F00C7C008 /* Localizable.strings */ = {
			isa = PBXVariantGroup;
			children = (
				8A2A55972991B16F00C7C008 /* en */,
			);
			name = Localizable.strings;
			sourceTree = "<group>";
		};
/* End PBXVariantGroup section */

/* Begin XCBuildConfiguration section */
		8A2A55612991B07D00C7C008 /* Debug */ = {
			isa = XCBuildConfiguration;
			buildSettings = {
				ALWAYS_SEARCH_USER_PATHS = NO;
				CLANG_ANALYZER_NONNULL = YES;
				CLANG_ANALYZER_NUMBER_OBJECT_CONVERSION = YES_AGGRESSIVE;
				CLANG_CXX_LANGUAGE_STANDARD = "gnu++20";
				CLANG_ENABLE_MODULES = YES;
				CLANG_ENABLE_OBJC_ARC = YES;
				CLANG_ENABLE_OBJC_WEAK = YES;
				CLANG_WARN_BLOCK_CAPTURE_AUTORELEASING = YES;
				CLANG_WARN_BOOL_CONVERSION = YES;
				CLANG_WARN_COMMA = YES;
				CLANG_WARN_CONSTANT_CONVERSION = YES;
				CLANG_WARN_DEPRECATED_OBJC_IMPLEMENTATIONS = YES;
				CLANG_WARN_DIRECT_OBJC_ISA_USAGE = YES_ERROR;
				CLANG_WARN_DOCUMENTATION_COMMENTS = YES;
				CLANG_WARN_EMPTY_BODY = YES;
				CLANG_WARN_ENUM_CONVERSION = YES;
				CLANG_WARN_INFINITE_RECURSION = YES;
				CLANG_WARN_INT_CONVERSION = YES;
				CLANG_WARN_NON_LITERAL_NULL_CONVERSION = YES;
				CLANG_WARN_OBJC_IMPLICIT_RETAIN_SELF = YES;
				CLANG_WARN_OBJC_LITERAL_CONVERSION = YES;
				CLANG_WARN_OBJC_ROOT_CLASS = YES_ERROR;
				CLANG_WARN_QUOTED_INCLUDE_IN_FRAMEWORK_HEADER = YES;
				CLANG_WARN_RANGE_LOOP_ANALYSIS = YES;
				CLANG_WARN_STRICT_PROTOTYPES = YES;
				CLANG_WARN_SUSPICIOUS_MOVE = YES;
				CLANG_WARN_UNGUARDED_AVAILABILITY = YES_AGGRESSIVE;
				CLANG_WARN_UNREACHABLE_CODE = YES;
				CLANG_WARN__DUPLICATE_METHOD_MATCH = YES;
				COPY_PHASE_STRIP = NO;
				DEBUG_INFORMATION_FORMAT = dwarf;
				ENABLE_STRICT_OBJC_MSGSEND = YES;
				ENABLE_TESTABILITY = YES;
				GCC_C_LANGUAGE_STANDARD = gnu11;
				GCC_DYNAMIC_NO_PIC = NO;
				GCC_NO_COMMON_BLOCKS = YES;
				GCC_OPTIMIZATION_LEVEL = 0;
				GCC_PREPROCESSOR_DEFINITIONS = (
					"DEBUG=1",
					"$(inherited)",
				);
				GCC_WARN_64_TO_32_BIT_CONVERSION = YES;
				GCC_WARN_ABOUT_RETURN_TYPE = YES_ERROR;
				GCC_WARN_UNDECLARED_SELECTOR = YES;
				GCC_WARN_UNINITIALIZED_AUTOS = YES_AGGRESSIVE;
				GCC_WARN_UNUSED_FUNCTION = YES;
				GCC_WARN_UNUSED_VARIABLE = YES;
				IPHONEOS_DEPLOYMENT_TARGET = 16.0;
				MTL_ENABLE_DEBUG_INFO = INCLUDE_SOURCE;
				MTL_FAST_MATH = YES;
				ONLY_ACTIVE_ARCH = YES;
				SDKROOT = iphoneos;
				SWIFT_ACTIVE_COMPILATION_CONDITIONS = DEBUG;
				SWIFT_OPTIMIZATION_LEVEL = "-Onone";
			};
			name = Debug;
		};
		8A2A55622991B07D00C7C008 /* Release */ = {
			isa = XCBuildConfiguration;
			buildSettings = {
				ALWAYS_SEARCH_USER_PATHS = NO;
				CLANG_ANALYZER_NONNULL = YES;
				CLANG_ANALYZER_NUMBER_OBJECT_CONVERSION = YES_AGGRESSIVE;
				CLANG_CXX_LANGUAGE_STANDARD = "gnu++20";
				CLANG_ENABLE_MODULES = YES;
				CLANG_ENABLE_OBJC_ARC = YES;
				CLANG_ENABLE_OBJC_WEAK = YES;
				CLANG_WARN_BLOCK_CAPTURE_AUTORELEASING = YES;
				CLANG_WARN_BOOL_CONVERSION = YES;
				CLANG_WARN_COMMA = YES;
				CLANG_WARN_CONSTANT_CONVERSION = YES;
				CLANG_WARN_DEPRECATED_OBJC_IMPLEMENTATIONS = YES;
				CLANG_WARN_DIRECT_OBJC_ISA_USAGE = YES_ERROR;
				CLANG_WARN_DOCUMENTATION_COMMENTS = YES;
				CLANG_WARN_EMPTY_BODY = YES;
				CLANG_WARN_ENUM_CONVERSION = YES;
				CLANG_WARN_INFINITE_RECURSION = YES;
				CLANG_WARN_INT_CONVERSION = YES;
				CLANG_WARN_NON_LITERAL_NULL_CONVERSION = YES;
				CLANG_WARN_OBJC_IMPLICIT_RETAIN_SELF = YES;
				CLANG_WARN_OBJC_LITERAL_CONVERSION = YES;
				CLANG_WARN_OBJC_ROOT_CLASS = YES_ERROR;
				CLANG_WARN_QUOTED_INCLUDE_IN_FRAMEWORK_HEADER = YES;
				CLANG_WARN_RANGE_LOOP_ANALYSIS = YES;
				CLANG_WARN_STRICT_PROTOTYPES = YES;
				CLANG_WARN_SUSPICIOUS_MOVE = YES;
				CLANG_WARN_UNGUARDED_AVAILABILITY = YES_AGGRESSIVE;
				CLANG_WARN_UNREACHABLE_CODE = YES;
				CLANG_WARN__DUPLICATE_METHOD_MATCH = YES;
				COPY_PHASE_STRIP = NO;
				DEBUG_INFORMATION_FORMAT = "dwarf-with-dsym";
				ENABLE_NS_ASSERTIONS = NO;
				ENABLE_STRICT_OBJC_MSGSEND = YES;
				GCC_C_LANGUAGE_STANDARD = gnu11;
				GCC_NO_COMMON_BLOCKS = YES;
				GCC_WARN_64_TO_32_BIT_CONVERSION = YES;
				GCC_WARN_ABOUT_RETURN_TYPE = YES_ERROR;
				GCC_WARN_UNDECLARED_SELECTOR = YES;
				GCC_WARN_UNINITIALIZED_AUTOS = YES_AGGRESSIVE;
				GCC_WARN_UNUSED_FUNCTION = YES;
				GCC_WARN_UNUSED_VARIABLE = YES;
				IPHONEOS_DEPLOYMENT_TARGET = 16.0;
				MTL_ENABLE_DEBUG_INFO = NO;
				MTL_FAST_MATH = YES;
				SDKROOT = iphoneos;
				SWIFT_COMPILATION_MODE = wholemodule;
				SWIFT_OPTIMIZATION_LEVEL = "-O";
				VALIDATE_PRODUCT = YES;
			};
			name = Release;
		};
		8A2A55642991B07D00C7C008 /* Debug */ = {
			isa = XCBuildConfiguration;
			buildSettings = {
				ASSETCATALOG_COMPILER_APPICON_NAME = AppIcon;
				ASSETCATALOG_COMPILER_GLOBAL_ACCENT_COLOR_NAME = AccentColor;
				CODE_SIGN_STYLE = Automatic;
				CURRENT_PROJECT_VERSION = 1;
				DEVELOPMENT_TEAM = 6TW9S5N48Q;
				GENERATE_INFOPLIST_FILE = YES;
				INFOPLIST_FILE = linkedIn_replica_app/Info.plist;
				INFOPLIST_KEY_UIApplicationSupportsIndirectInputEvents = YES;
				INFOPLIST_KEY_UILaunchStoryboardName = LaunchScreen;
				INFOPLIST_KEY_UIMainStoryboardFile = Main;
				INFOPLIST_KEY_UISupportedInterfaceOrientations_iPad = "UIInterfaceOrientationPortrait UIInterfaceOrientationPortraitUpsideDown UIInterfaceOrientationLandscapeLeft UIInterfaceOrientationLandscapeRight";
				INFOPLIST_KEY_UISupportedInterfaceOrientations_iPhone = "UIInterfaceOrientationPortrait UIInterfaceOrientationLandscapeLeft UIInterfaceOrientationLandscapeRight";
				IPHONEOS_DEPLOYMENT_TARGET = 15.0;
				LD_RUNPATH_SEARCH_PATHS = (
					"$(inherited)",
					"@executable_path/Frameworks",
				);
				MARKETING_VERSION = 1.0;
				PRODUCT_BUNDLE_IDENTIFIER = "com.amohiy.linkedin.replica.app.linkedIn-replica-app";
				PRODUCT_NAME = "$(TARGET_NAME)";
				SWIFT_EMIT_LOC_STRINGS = YES;
				SWIFT_VERSION = 5.0;
				TARGETED_DEVICE_FAMILY = "1,2";
			};
			name = Debug;
		};
		8A2A55652991B07D00C7C008 /* Release */ = {
			isa = XCBuildConfiguration;
			buildSettings = {
				ASSETCATALOG_COMPILER_APPICON_NAME = AppIcon;
				ASSETCATALOG_COMPILER_GLOBAL_ACCENT_COLOR_NAME = AccentColor;
				CODE_SIGN_STYLE = Automatic;
				CURRENT_PROJECT_VERSION = 1;
				DEVELOPMENT_TEAM = 6TW9S5N48Q;
				GENERATE_INFOPLIST_FILE = YES;
				INFOPLIST_FILE = linkedIn_replica_app/Info.plist;
				INFOPLIST_KEY_UIApplicationSupportsIndirectInputEvents = YES;
				INFOPLIST_KEY_UILaunchStoryboardName = LaunchScreen;
				INFOPLIST_KEY_UIMainStoryboardFile = Main;
				INFOPLIST_KEY_UISupportedInterfaceOrientations_iPad = "UIInterfaceOrientationPortrait UIInterfaceOrientationPortraitUpsideDown UIInterfaceOrientationLandscapeLeft UIInterfaceOrientationLandscapeRight";
				INFOPLIST_KEY_UISupportedInterfaceOrientations_iPhone = "UIInterfaceOrientationPortrait UIInterfaceOrientationLandscapeLeft UIInterfaceOrientationLandscapeRight";
				IPHONEOS_DEPLOYMENT_TARGET = 15.0;
				LD_RUNPATH_SEARCH_PATHS = (
					"$(inherited)",
					"@executable_path/Frameworks",
				);
				MARKETING_VERSION = 1.0;
				PRODUCT_BUNDLE_IDENTIFIER = "com.amohiy.linkedin.replica.app.linkedIn-replica-app";
				PRODUCT_NAME = "$(TARGET_NAME)";
				SWIFT_EMIT_LOC_STRINGS = YES;
				SWIFT_VERSION = 5.0;
				TARGETED_DEVICE_FAMILY = "1,2";
			};
			name = Release;
		};
/* End XCBuildConfiguration section */

/* Begin XCConfigurationList section */
		8A2A554A2991B07B00C7C008 /* Build configuration list for PBXProject "linkedIn_replica_app" */ = {
			isa = XCConfigurationList;
			buildConfigurations = (
				8A2A55612991B07D00C7C008 /* Debug */,
				8A2A55622991B07D00C7C008 /* Release */,
			);
			defaultConfigurationIsVisible = 0;
			defaultConfigurationName = Release;
		};
		8A2A55632991B07D00C7C008 /* Build configuration list for PBXNativeTarget "linkedIn_replica_app" */ = {
			isa = XCConfigurationList;
			buildConfigurations = (
				8A2A55642991B07D00C7C008 /* Debug */,
				8A2A55652991B07D00C7C008 /* Release */,
			);
			defaultConfigurationIsVisible = 0;
			defaultConfigurationName = Release;
		};
/* End XCConfigurationList section */
	};
	rootObject = 8A2A55472991B07B00C7C008 /* Project object */;
}
